
Microsoft Visual Studio Solution File, Format Version 12.00
# Visual Studio Version 17
VisualStudioVersion = 17.1.32228.430
MinimumVisualStudioVersion = 10.0.40219.1
Project("{FAE04EC0-301F-11D3-BF4B-00C04F79EFBC}") = "Labb2", "Labb2\Labb2.csproj", "{CCD95E40-3982-47EC-958E-14A665AA2FC5}"
EndProject
Global
	GlobalSection(SolutionConfigurationPlatforms) = preSolution
		Debug|Any CPU = Debug|Any CPU
		Release|Any CPU = Release|Any CPU
	EndGlobalSection
	GlobalSection(ProjectConfigurationPlatforms) = postSolution
		{CCD95E40-3982-47EC-958E-14A665AA2FC5}.Debug|Any CPU.ActiveCfg = Debug|Any CPU
		{CCD95E40-3982-47EC-958E-14A665AA2FC5}.Debug|Any CPU.Build.0 = Debug|Any CPU
		{CCD95E40-3982-47EC-958E-14A665AA2FC5}.Release|Any CPU.ActiveCfg = Release|Any CPU
		{CCD95E40-3982-47EC-958E-14A665AA2FC5}.Release|Any CPU.Build.0 = Release|Any CPU
	EndGlobalSection
	GlobalSection(SolutionProperties) = preSolution
		HideSolutionNode = FALSE
	EndGlobalSection
	GlobalSection(ExtensibilityGlobals) = postSolution
		SolutionGuid = {54E5462D-D9F6-408D-A7CB-3983E650222B}
	EndGlobalSection
EndGlobal
